
Microsoft Visual Studio Solution File, Format Version 12.00
# Visual Studio Version 16
VisualStudioVersion = 16.0.31313.79
MinimumVisualStudioVersion = 10.0.40219.1
Project("{FAE04EC0-301F-11D3-BF4B-00C04F79EFBC}") = "WinFormsRestaurante", "WinFormsRestaurante\WinFormsRestaurante.csproj", "{A867E527-29D0-4843-AD4C-847FB33AF851}"
EndProject
Global
	GlobalSection(SolutionConfigurationPlatforms) = preSolution
		Debug|Any CPU = Debug|Any CPU
		Release|Any CPU = Release|Any CPU
	EndGlobalSection
	GlobalSection(ProjectConfigurationPlatforms) = postSolution
		{A867E527-29D0-4843-AD4C-847FB33AF851}.Debug|Any CPU.ActiveCfg = Debug|Any CPU
		{A867E527-29D0-4843-AD4C-847FB33AF851}.Debug|Any CPU.Build.0 = Debug|Any CPU
		{A867E527-29D0-4843-AD4C-847FB33AF851}.Release|Any CPU.ActiveCfg = Release|Any CPU
		{A867E527-29D0-4843-AD4C-847FB33AF851}.Release|Any CPU.Build.0 = Release|Any CPU
	EndGlobalSection
	GlobalSection(SolutionProperties) = preSolution
		HideSolutionNode = FALSE
	EndGlobalSection
	GlobalSection(ExtensibilityGlobals) = postSolution
		SolutionGuid = {1B2E0D32-B262-403C-B833-222B2618362E}
	EndGlobalSection
EndGlobal
